
Microsoft Visual Studio Solution File, Format Version 12.00
# Visual Studio 15
VisualStudioVersion = 15.0.28010.2003
MinimumVisualStudioVersion = 10.0.40219.1
Project("{FAE04EC0-301F-11D3-BF4B-00C04F79EFBC}") = "StatusWeb", "StatusWeb\StatusWeb.csproj", "{5C1E1A3E-A772-4B4B-9903-24CE88AECD2B}"
EndProject
Global
	GlobalSection(SolutionConfigurationPlatforms) = preSolution
		Debug|Any CPU = Debug|Any CPU
		Release|Any CPU = Release|Any CPU
	EndGlobalSection
	GlobalSection(ProjectConfigurationPlatforms) = postSolution
		{5C1E1A3E-A772-4B4B-9903-24CE88AECD2B}.Debug|Any CPU.ActiveCfg = Debug|Any CPU
		{5C1E1A3E-A772-4B4B-9903-24CE88AECD2B}.Debug|Any CPU.Build.0 = Debug|Any CPU
		{5C1E1A3E-A772-4B4B-9903-24CE88AECD2B}.Release|Any CPU.ActiveCfg = Release|Any CPU
		{5C1E1A3E-A772-4B4B-9903-24CE88AECD2B}.Release|Any CPU.Build.0 = Release|Any CPU
	EndGlobalSection
	GlobalSection(SolutionProperties) = preSolution
		HideSolutionNode = FALSE
	EndGlobalSection
	GlobalSection(ExtensibilityGlobals) = postSolution
		SolutionGuid = {DD596DB0-6F59-46DE-A065-22777743A74F}
	EndGlobalSection
EndGlobal
